
Microsoft Visual Studio Solution File, Format Version 12.00
# Visual Studio 15
Project("{2150E333-8FDC-42A3-9474-1A3956D46DE8}") = "01-应用程序", "01-应用程序", "{FF44BF62-08C5-4B52-B24F-54CD79E96848}"
EndProject
Project("{2150E333-8FDC-42A3-9474-1A3956D46DE8}") = "02-应用服务", "02-应用服务", "{70881CAB-17ED-4C46-895A-62F2CE39A607}"
EndProject
Project("{2150E333-8FDC-42A3-9474-1A3956D46DE8}") = "03-应用公共", "03-应用公共", "{CDEA717B-9172-4D78-BA2E-DFBE56AE0F47}"
EndProject
Project("{2150E333-8FDC-42A3-9474-1A3956D46DE8}") = "04-应用扩展", "04-应用扩展", "{0BED96A6-1831-4662-AC91-0202E9E20A72}"
EndProject
Project("{FAE04EC0-301F-11D3-BF4B-00C04F79EFBC}") = "FytSoa.Api", "FytSoa.Api\FytSoa.Api.csproj", "{DBCE8555-A2EF-4135-94E1-B2333C155FF6}"
EndProject
Project("{FAE04EC0-301F-11D3-BF4B-00C04F79EFBC}") = "FytSoa.Core", "FytSoa.Core\FytSoa.Core.csproj", "{97B8823E-DCC0-4A6A-9C37-A8D27503E004}"
EndProject
Project("{FAE04EC0-301F-11D3-BF4B-00C04F79EFBC}") = "FytSoa.Common", "FytSoa.Common\FytSoa.Common.csproj", "{4A523F4D-8EFA-44C1-8079-36039D5E4EC4}"
EndProject
Project("{FAE04EC0-301F-11D3-BF4B-00C04F79EFBC}") = "FytSoa.Extensions", "FytSoa.Extensions\FytSoa.Extensions.csproj", "{882C1B32-19E3-43EF-AE8B-7E155440DBB8}"
EndProject
Project("{FAE04EC0-301F-11D3-BF4B-00C04F79EFBC}") = "FytSoa.Service", "FytSoa.Service\FytSoa.Service.csproj", "{76A55AE1-802F-4AFA-939B-6D50B77928C7}"
EndProject
Global
	GlobalSection(SolutionConfigurationPlatforms) = preSolution
		Debug|Any CPU = Debug|Any CPU
		Release|Any CPU = Release|Any CPU
	EndGlobalSection
	GlobalSection(ProjectConfigurationPlatforms) = postSolution
		{DBCE8555-A2EF-4135-94E1-B2333C155FF6}.Debug|Any CPU.ActiveCfg = Debug|Any CPU
		{DBCE8555-A2EF-4135-94E1-B2333C155FF6}.Debug|Any CPU.Build.0 = Debug|Any CPU
		{DBCE8555-A2EF-4135-94E1-B2333C155FF6}.Release|Any CPU.ActiveCfg = Release|Any CPU
		{DBCE8555-A2EF-4135-94E1-B2333C155FF6}.Release|Any CPU.Build.0 = Release|Any CPU
		{97B8823E-DCC0-4A6A-9C37-A8D27503E004}.Debug|Any CPU.ActiveCfg = Debug|Any CPU
		{97B8823E-DCC0-4A6A-9C37-A8D27503E004}.Debug|Any CPU.Build.0 = Debug|Any CPU
		{97B8823E-DCC0-4A6A-9C37-A8D27503E004}.Release|Any CPU.ActiveCfg = Release|Any CPU
		{97B8823E-DCC0-4A6A-9C37-A8D27503E004}.Release|Any CPU.Build.0 = Release|Any CPU
		{4A523F4D-8EFA-44C1-8079-36039D5E4EC4}.Debug|Any CPU.ActiveCfg = Debug|Any CPU
		{4A523F4D-8EFA-44C1-8079-36039D5E4EC4}.Debug|Any CPU.Build.0 = Debug|Any CPU
		{4A523F4D-8EFA-44C1-8079-36039D5E4EC4}.Release|Any CPU.ActiveCfg = Release|Any CPU
		{4A523F4D-8EFA-44C1-8079-36039D5E4EC4}.Release|Any CPU.Build.0 = Release|Any CPU
		{882C1B32-19E3-43EF-AE8B-7E155440DBB8}.Debug|Any CPU.ActiveCfg = Debug|Any CPU
		{882C1B32-19E3-43EF-AE8B-7E155440DBB8}.Debug|Any CPU.Build.0 = Debug|Any CPU
		{882C1B32-19E3-43EF-AE8B-7E155440DBB8}.Release|Any CPU.ActiveCfg = Release|Any CPU
		{882C1B32-19E3-43EF-AE8B-7E155440DBB8}.Release|Any CPU.Build.0 = Release|Any CPU
		{76A55AE1-802F-4AFA-939B-6D50B77928C7}.Debug|Any CPU.ActiveCfg = Debug|Any CPU
		{76A55AE1-802F-4AFA-939B-6D50B77928C7}.Debug|Any CPU.Build.0 = Debug|Any CPU
		{76A55AE1-802F-4AFA-939B-6D50B77928C7}.Release|Any CPU.ActiveCfg = Release|Any CPU
		{76A55AE1-802F-4AFA-939B-6D50B77928C7}.Release|Any CPU.Build.0 = Release|Any CPU
	EndGlobalSection
	GlobalSection(NestedProjects) = preSolution
		{DBCE8555-A2EF-4135-94E1-B2333C155FF6} = {FF44BF62-08C5-4B52-B24F-54CD79E96848}
		{97B8823E-DCC0-4A6A-9C37-A8D27503E004} = {70881CAB-17ED-4C46-895A-62F2CE39A607}
		{4A523F4D-8EFA-44C1-8079-36039D5E4EC4} = {CDEA717B-9172-4D78-BA2E-DFBE56AE0F47}
		{882C1B32-19E3-43EF-AE8B-7E155440DBB8} = {0BED96A6-1831-4662-AC91-0202E9E20A72}
		{76A55AE1-802F-4AFA-939B-6D50B77928C7} = {70881CAB-17ED-4C46-895A-62F2CE39A607}
	EndGlobalSection
EndGlobal
